
Microsoft Visual Studio Solution File, Format Version 12.00
# Visual Studio 15
VisualStudioVersion = 15.0.28307.489
MinimumVisualStudioVersion = 10.0.40219.1
Project("{FAE04EC0-301F-11D3-BF4B-00C04F79EFBC}") = "BankAccountManager", "BankAccountManager\BankAccountManager.csproj", "{2B1E78B5-8423-4B22-8F48-97A29AA1DE8B}"
EndProject
Project("{FAE04EC0-301F-11D3-BF4B-00C04F79EFBC}") = "BankAccountManager.Tests", "BankAccountManager.Tests\BankAccountManager.Tests.csproj", "{4369E117-6CDE-40D9-8D53-AC753F9CB806}"
EndProject
Global
	GlobalSection(SolutionConfigurationPlatforms) = preSolution
		Debug|Any CPU = Debug|Any CPU
		Release|Any CPU = Release|Any CPU
	EndGlobalSection
	GlobalSection(ProjectConfigurationPlatforms) = postSolution
		{2B1E78B5-8423-4B22-8F48-97A29AA1DE8B}.Debug|Any CPU.ActiveCfg = Debug|Any CPU
		{2B1E78B5-8423-4B22-8F48-97A29AA1DE8B}.Debug|Any CPU.Build.0 = Debug|Any CPU
		{2B1E78B5-8423-4B22-8F48-97A29AA1DE8B}.Release|Any CPU.ActiveCfg = Release|Any CPU
		{2B1E78B5-8423-4B22-8F48-97A29AA1DE8B}.Release|Any CPU.Build.0 = Release|Any CPU
		{4369E117-6CDE-40D9-8D53-AC753F9CB806}.Debug|Any CPU.ActiveCfg = Debug|Any CPU
		{4369E117-6CDE-40D9-8D53-AC753F9CB806}.Debug|Any CPU.Build.0 = Debug|Any CPU
		{4369E117-6CDE-40D9-8D53-AC753F9CB806}.Release|Any CPU.ActiveCfg = Release|Any CPU
		{4369E117-6CDE-40D9-8D53-AC753F9CB806}.Release|Any CPU.Build.0 = Release|Any CPU
	EndGlobalSection
	GlobalSection(SolutionProperties) = preSolution
		HideSolutionNode = FALSE
	EndGlobalSection
	GlobalSection(ExtensibilityGlobals) = postSolution
		SolutionGuid = {58511C43-1D24-412B-99E8-71F76FDDA252}
	EndGlobalSection
EndGlobal
